
Microsoft Visual Studio Solution File, Format Version 12.00
# Visual Studio Version 17
VisualStudioVersion = 17.2.32616.157
MinimumVisualStudioVersion = 10.0.40219.1
Project("{FAE04EC0-301F-11D3-BF4B-00C04F79EFBC}") = "ImageTextractor", "ImageTextractor\ImageTextractor.csproj", "{1D992F83-8D61-4F96-B3A8-01476AE9B3C1}"
EndProject
Global
	GlobalSection(SolutionConfigurationPlatforms) = preSolution
		Debug|Any CPU = Debug|Any CPU
		Release|Any CPU = Release|Any CPU
	EndGlobalSection
	GlobalSection(ProjectConfigurationPlatforms) = postSolution
		{1D992F83-8D61-4F96-B3A8-01476AE9B3C1}.Debug|Any CPU.ActiveCfg = Debug|Any CPU
		{1D992F83-8D61-4F96-B3A8-01476AE9B3C1}.Debug|Any CPU.Build.0 = Debug|Any CPU
		{1D992F83-8D61-4F96-B3A8-01476AE9B3C1}.Release|Any CPU.ActiveCfg = Release|Any CPU
		{1D992F83-8D61-4F96-B3A8-01476AE9B3C1}.Release|Any CPU.Build.0 = Release|Any CPU
	EndGlobalSection
	GlobalSection(SolutionProperties) = preSolution
		HideSolutionNode = FALSE
	EndGlobalSection
	GlobalSection(ExtensibilityGlobals) = postSolution
		SolutionGuid = {B2CECCDA-0356-4F14-ABA7-AA41C2CC665F}
	EndGlobalSection
EndGlobal
